// !$*UTF8*$!
{
	archiveVersion = 1;
	classes = {
	};
	objectVersion = 50;
	objects = {

/* Begin PBXBuildFile section */
		A0B7014821B0937D00B089D6 /* AppDelegate.swift in Sources */ = {isa = PBXBuildFile; fileRef = A0B7014721B0937D00B089D6 /* AppDelegate.swift */; };
		A0B7014A21B0937D00B089D6 /* ViewController.swift in Sources */ = {isa = PBXBuildFile; fileRef = A0B7014921B0937D00B089D6 /* ViewController.swift */; };
		A0B7014D21B0937D00B089D6 /* Main.storyboard in Resources */ = {isa = PBXBuildFile; fileRef = A0B7014B21B0937D00B089D6 /* Main.storyboard */; };
		A0B7014F21B0937E00B089D6 /* Assets.xcassets in Resources */ = {isa = PBXBuildFile; fileRef = A0B7014E21B0937E00B089D6 /* Assets.xcassets */; };
		A0B7015221B0937E00B089D6 /* LaunchScreen.storyboard in Resources */ = {isa = PBXBuildFile; fileRef = A0B7015021B0937E00B089D6 /* LaunchScreen.storyboard */; };
		A0B7015D21B0937E00B089D6 /* ___Tests.swift in Sources */ = {isa = PBXBuildFile; fileRef = A0B7015C21B0937E00B089D6 /* ___Tests.swift */; };
		A0B7016821B0937E00B089D6 /* ___UITests.swift in Sources */ = {isa = PBXBuildFile; fileRef = A0B7016721B0937E00B089D6 /* ___UITests.swift */; };
/* End PBXBuildFile section */

/* Begin PBXContainerItemProxy section */
		A0B7015921B0937E00B089D6 /* PBXContainerItemProxy */ = {
			isa = PBXContainerItemProxy;
			containerPortal = A0B7013C21B0937D00B089D6 /* Project object */;
			proxyType = 1;
			remoteGlobalIDString = A0B7014321B0937D00B089D6;
			remoteInfo = $$$;
		};
		A0B7016421B0937E00B089D6 /* PBXContainerItemProxy */ = {
			isa = PBXContainerItemProxy;
			containerPortal = A0B7013C21B0937D00B089D6 /* Project object */;
			proxyType = 1;
			remoteGlobalIDString = A0B7014321B0937D00B089D6;
			remoteInfo = $$$;
		};
/* End PBXContainerItemProxy section */

/* Begin PBXFileReference section */
		A0B7014421B0937D00B089D6 /* $$$.app */ = {isa = PBXFileReference; explicitFileType = wrapper.application; includeInIndex = 0; path = $$$.app; sourceTree = BUILT_PRODUCTS_DIR; };
		A0B7014721B0937D00B089D6 /* AppDelegate.swift */ = {isa = PBXFileReference; lastKnownFileType = sourcecode.swift; path = AppDelegate.swift; sourceTree = "<group>"; };
		A0B7014921B0937D00B089D6 /* ViewController.swift */ = {isa = PBXFileReference; lastKnownFileType = sourcecode.swift; path = ViewController.swift; sourceTree = "<group>"; };
		A0B7014C21B0937D00B089D6 /* Base */ = {isa = PBXFileReference; lastKnownFileType = file.storyboard; name = Base; path = Base.lproj/Main.storyboard; sourceTree = "<group>"; };
		A0B7014E21B0937E00B089D6 /* Assets.xcassets */ = {isa = PBXFileReference; lastKnownFileType = folder.assetcatalog; path = Assets.xcassets; sourceTree = "<group>"; };
		A0B7015121B0937E00B089D6 /* Base */ = {isa = PBXFileReference; lastKnownFileType = file.storyboard; name = Base; path = Base.lproj/LaunchScreen.storyboard; sourceTree = "<group>"; };
		A0B7015321B0937E00B089D6 /* Info.plist */ = {isa = PBXFileReference; lastKnownFileType = text.plist.xml; path = Info.plist; sourceTree = "<group>"; };
		A0B7015821B0937E00B089D6 /* $$$Tests.xctest */ = {isa = PBXFileReference; explicitFileType = wrapper.cfbundle; includeInIndex = 0; path = $$$Tests.xctest; sourceTree = BUILT_PRODUCTS_DIR; };
		A0B7015C21B0937E00B089D6 /* ___Tests.swift */ = {isa = PBXFileReference; lastKnownFileType = sourcecode.swift; path = "___Tests.swift"; sourceTree = "<group>"; };
		A0B7015E21B0937E00B089D6 /* Info.plist */ = {isa = PBXFileReference; lastKnownFileType = text.plist.xml; path = Info.plist; sourceTree = "<group>"; };
		A0B7016321B0937E00B089D6 /* $$$UITests.xctest */ = {isa = PBXFileReference; explicitFileType = wrapper.cfbundle; includeInIndex = 0; path = $$$UITests.xctest; sourceTree = BUILT_PRODUCTS_DIR; };
		A0B7016721B0937E00B089D6 /* ___UITests.swift */ = {isa = PBXFileReference; lastKnownFileType = sourcecode.swift; path = "___UITests.swift"; sourceTree = "<group>"; };
		A0B7016921B0937E00B089D6 /* Info.plist */ = {isa = PBXFileReference; lastKnownFileType = text.plist.xml; path = Info.plist; sourceTree = "<group>"; };
/* End PBXFileReference section */

/* Begin PBXFrameworksBuildPhase section */
		A0B7014121B0937D00B089D6 /* Frameworks */ = {
			isa = PBXFrameworksBuildPhase;
			buildActionMask = 2147483647;
			files = (
			);
			runOnlyForDeploymentPostprocessing = 0;
		};
		A0B7015521B0937E00B089D6 /* Frameworks */ = {
			isa = PBXFrameworksBuildPhase;
			buildActionMask = 2147483647;
			files = (
			);
			runOnlyForDeploymentPostprocessing = 0;
		};
		A0B7016021B0937E00B089D6 /* Frameworks */ = {
			isa = PBXFrameworksBuildPhase;
			buildActionMask = 2147483647;
			files = (
			);
			runOnlyForDeploymentPostprocessing = 0;
		};
/* End PBXFrameworksBuildPhase section */

/* Begin PBXGroup section */
		A0B7013B21B0937D00B089D6 = {
			isa = PBXGroup;
			children = (
				A0B7014621B0937D00B089D6 /* $$$ */,
				A0B7015B21B0937E00B089D6 /* $$$Tests */,
				A0B7016621B0937E00B089D6 /* $$$UITests */,
				A0B7014521B0937D00B089D6 /* Products */,
			);
			sourceTree = "<group>";
		};
		A0B7014521B0937D00B089D6 /* Products */ = {
			isa = PBXGroup;
			children = (
				A0B7014421B0937D00B089D6 /* $$$.app */,
				A0B7015821B0937E00B089D6 /* $$$Tests.xctest */,
				A0B7016321B0937E00B089D6 /* $$$UITests.xctest */,
			);
			name = Products;
			sourceTree = "<group>";
		};
		A0B7014621B0937D00B089D6 /* $$$ */ = {
			isa = PBXGroup;
			children = (
				A0B7014721B0937D00B089D6 /* AppDelegate.swift */,
				A0B7014921B0937D00B089D6 /* ViewController.swift */,
				A0B7014B21B0937D00B089D6 /* Main.storyboard */,
				A0B7014E21B0937E00B089D6 /* Assets.xcassets */,
				A0B7015021B0937E00B089D6 /* LaunchScreen.storyboard */,
				A0B7015321B0937E00B089D6 /* Info.plist */,
			);
			path = $$$;
			sourceTree = "<group>";
		};
		A0B7015B21B0937E00B089D6 /* $$$Tests */ = {
			isa = PBXGroup;
			children = (
				A0B7015C21B0937E00B089D6 /* ___Tests.swift */,
				A0B7015E21B0937E00B089D6 /* Info.plist */,
			);
			path = $$$Tests;
			sourceTree = "<group>";
		};
		A0B7016621B0937E00B089D6 /* $$$UITests */ = {
			isa = PBXGroup;
			children = (
				A0B7016721B0937E00B089D6 /* ___UITests.swift */,
				A0B7016921B0937E00B089D6 /* Info.plist */,
			);
			path = $$$UITests;
			sourceTree = "<group>";
		};
/* End PBXGroup section */

/* Begin PBXNativeTarget section */
		A0B7014321B0937D00B089D6 /* $$$ */ = {
			isa = PBXNativeTarget;
			buildConfigurationList = A0B7016C21B0937E00B089D6 /* Build configuration list for PBXNativeTarget "$$$" */;
			buildPhases = (
				A0B7014021B0937D00B089D6 /* Sources */,
				A0B7014121B0937D00B089D6 /* Frameworks */,
				A0B7014221B0937D00B089D6 /* Resources */,
			);
			buildRules = (
			);
			dependencies = (
			);
			name = $$$;
			productName = $$$;
			productReference = A0B7014421B0937D00B089D6 /* $$$.app */;
			productType = "com.apple.product-type.application";
		};
		A0B7015721B0937E00B089D6 /* $$$Tests */ = {
			isa = PBXNativeTarget;
			buildConfigurationList = A0B7016F21B0937E00B089D6 /* Build configuration list for PBXNativeTarget "$$$Tests" */;
			buildPhases = (
				A0B7015421B0937E00B089D6 /* Sources */,
				A0B7015521B0937E00B089D6 /* Frameworks */,
				A0B7015621B0937E00B089D6 /* Resources */,
			);
			buildRules = (
			);
			dependencies = (
				A0B7015A21B0937E00B089D6 /* PBXTargetDependency */,
			);
			name = $$$Tests;
			productName = $$$Tests;
			productReference = A0B7015821B0937E00B089D6 /* $$$Tests.xctest */;
			productType = "com.apple.product-type.bundle.unit-test";
		};
		A0B7016221B0937E00B089D6 /* $$$UITests */ = {
			isa = PBXNativeTarget;
			buildConfigurationList = A0B7017221B0937E00B089D6 /* Build configuration list for PBXNativeTarget "$$$UITests" */;
			buildPhases = (
				A0B7015F21B0937E00B089D6 /* Sources */,
				A0B7016021B0937E00B089D6 /* Frameworks */,
				A0B7016121B0937E00B089D6 /* Resources */,
			);
			buildRules = (
			);
			dependencies = (
				A0B7016521B0937E00B089D6 /* PBXTargetDependency */,
			);
			name = $$$UITests;
			productName = $$$UITests;
			productReference = A0B7016321B0937E00B089D6 /* $$$UITests.xctest */;
			productType = "com.apple.product-type.bundle.ui-testing";
		};
/* End PBXNativeTarget section */

/* Begin PBXProject section */
		A0B7013C21B0937D00B089D6 /* Project object */ = {
			isa = PBXProject;
			attributes = {
				LastSwiftUpdateCheck = 1010;
				LastUpgradeCheck = 1010;
				ORGANIZATIONNAME = "Diego Lopez";
				TargetAttributes = {
					A0B7014321B0937D00B089D6 = {
						CreatedOnToolsVersion = 10.1;
					};
					A0B7015721B0937E00B089D6 = {
						CreatedOnToolsVersion = 10.1;
						TestTargetID = A0B7014321B0937D00B089D6;
					};
					A0B7016221B0937E00B089D6 = {
						CreatedOnToolsVersion = 10.1;
						TestTargetID = A0B7014321B0937D00B089D6;
					};
				};
			};
			buildConfigurationList = A0B7013F21B0937D00B089D6 /* Build configuration list for PBXProject "$$$" */;
			compatibilityVersion = "Xcode 9.3";
			developmentRegion = en;
			hasScannedForEncodings = 0;
			knownRegions = (
				en,
				Base,
			);
			mainGroup = A0B7013B21B0937D00B089D6;
			productRefGroup = A0B7014521B0937D00B089D6 /* Products */;
			projectDirPath = "";
			projectRoot = "";
			targets = (
				A0B7014321B0937D00B089D6 /* $$$ */,
				A0B7015721B0937E00B089D6 /* $$$Tests */,
				A0B7016221B0937E00B089D6 /* $$$UITests */,
			);
		};
/* End PBXProject section */

/* Begin PBXResourcesBuildPhase section */
		A0B7014221B0937D00B089D6 /* Resources */ = {
			isa = PBXResourcesBuildPhase;
			buildActionMask = 2147483647;
			files = (
				A0B7015221B0937E00B089D6 /* LaunchScreen.storyboard in Resources */,
				A0B7014F21B0937E00B089D6 /* Assets.xcassets in Resources */,
				A0B7014D21B0937D00B089D6 /* Main.storyboard in Resources */,
			);
			runOnlyForDeploymentPostprocessing = 0;
		};
		A0B7015621B0937E00B089D6 /* Resources */ = {
			isa = PBXResourcesBuildPhase;
			buildActionMask = 2147483647;
			files = (
			);
			runOnlyForDeploymentPostprocessing = 0;
		};
		A0B7016121B0937E00B089D6 /* Resources */ = {
			isa = PBXResourcesBuildPhase;
			buildActionMask = 2147483647;
			files = (
			);
			runOnlyForDeploymentPostprocessing = 0;
		};
/* End PBXResourcesBuildPhase section */

/* Begin PBXSourcesBuildPhase section */
		A0B7014021B0937D00B089D6 /* Sources */ = {
			isa = PBXSourcesBuildPhase;
			buildActionMask = 2147483647;
			files = (
				A0B7014A21B0937D00B089D6 /* ViewController.swift in Sources */,
				A0B7014821B0937D00B089D6 /* AppDelegate.swift in Sources */,
			);
			runOnlyForDeploymentPostprocessing = 0;
		};
		A0B7015421B0937E00B089D6 /* Sources */ = {
			isa = PBXSourcesBuildPhase;
			buildActionMask = 2147483647;
			files = (
				A0B7015D21B0937E00B089D6 /* ___Tests.swift in Sources */,
			);
			runOnlyForDeploymentPostprocessing = 0;
		};
		A0B7015F21B0937E00B089D6 /* Sources */ = {
			isa = PBXSourcesBuildPhase;
			buildActionMask = 2147483647;
			files = (
				A0B7016821B0937E00B089D6 /* ___UITests.swift in Sources */,
			);
			runOnlyForDeploymentPostprocessing = 0;
		};
/* End PBXSourcesBuildPhase section */

/* Begin PBXTargetDependency section */
		A0B7015A21B0937E00B089D6 /* PBXTargetDependency */ = {
			isa = PBXTargetDependency;
			target = A0B7014321B0937D00B089D6 /* $$$ */;
			targetProxy = A0B7015921B0937E00B089D6 /* PBXContainerItemProxy */;
		};
		A0B7016521B0937E00B089D6 /* PBXTargetDependency */ = {
			isa = PBXTargetDependency;
			target = A0B7014321B0937D00B089D6 /* $$$ */;
			targetProxy = A0B7016421B0937E00B089D6 /* PBXContainerItemProxy */;
		};
/* End PBXTargetDependency section */

/* Begin PBXVariantGroup section */
		A0B7014B21B0937D00B089D6 /* Main.storyboard */ = {
			isa = PBXVariantGroup;
			children = (
				A0B7014C21B0937D00B089D6 /* Base */,
			);
			name = Main.storyboard;
			sourceTree = "<group>";
		};
		A0B7015021B0937E00B089D6 /* LaunchScreen.storyboard */ = {
			isa = PBXVariantGroup;
			children = (
				A0B7015121B0937E00B089D6 /* Base */,
			);
			name = LaunchScreen.storyboard;
			sourceTree = "<group>";
		};
/* End PBXVariantGroup section */

/* Begin XCBuildConfiguration section */
		A0B7016A21B0937E00B089D6 /* Debug */ = {
			isa = XCBuildConfiguration;
			buildSettings = {
				ALWAYS_SEARCH_USER_PATHS = NO;
				CLANG_ANALYZER_NONNULL = YES;
				CLANG_ANALYZER_NUMBER_OBJECT_CONVERSION = YES_AGGRESSIVE;
				CLANG_CXX_LANGUAGE_STANDARD = "gnu++14";
				CLANG_CXX_LIBRARY = "libc++";
				CLANG_ENABLE_MODULES = YES;
				CLANG_ENABLE_OBJC_ARC = YES;
				CLANG_ENABLE_OBJC_WEAK = YES;
				CLANG_WARN_BLOCK_CAPTURE_AUTORELEASING = YES;
				CLANG_WARN_BOOL_CONVERSION = YES;
				CLANG_WARN_COMMA = YES;
				CLANG_WARN_CONSTANT_CONVERSION = YES;
				CLANG_WARN_DEPRECATED_OBJC_IMPLEMENTATIONS = YES;
				CLANG_WARN_DIRECT_OBJC_ISA_USAGE = YES_ERROR;
				CLANG_WARN_DOCUMENTATION_COMMENTS = YES;
				CLANG_WARN_EMPTY_BODY = YES;
				CLANG_WARN_ENUM_CONVERSION = YES;
				CLANG_WARN_INFINITE_RECURSION = YES;
				CLANG_WARN_INT_CONVERSION = YES;
				CLANG_WARN_NON_LITERAL_NULL_CONVERSION = YES;
				CLANG_WARN_OBJC_IMPLICIT_RETAIN_SELF = YES;
				CLANG_WARN_OBJC_LITERAL_CONVERSION = YES;
				CLANG_WARN_OBJC_ROOT_CLASS = YES_ERROR;
				CLANG_WARN_RANGE_LOOP_ANALYSIS = YES;
				CLANG_WARN_STRICT_PROTOTYPES = YES;
				CLANG_WARN_SUSPICIOUS_MOVE = YES;
				CLANG_WARN_UNGUARDED_AVAILABILITY = YES_AGGRESSIVE;
				CLANG_WARN_UNREACHABLE_CODE = YES;
				CLANG_WARN__DUPLICATE_METHOD_MATCH = YES;
				CODE_SIGN_IDENTITY = "iPhone Developer";
				COPY_PHASE_STRIP = NO;
				DEBUG_INFORMATION_FORMAT = dwarf;
				ENABLE_STRICT_OBJC_MSGSEND = YES;
				ENABLE_TESTABILITY = YES;
				GCC_C_LANGUAGE_STANDARD = gnu11;
				GCC_DYNAMIC_NO_PIC = NO;
				GCC_NO_COMMON_BLOCKS = YES;
				GCC_OPTIMIZATION_LEVEL = 0;
				GCC_PREPROCESSOR_DEFINITIONS = (
					"DEBUG=1",
					"$(inherited)",
				);
				GCC_WARN_64_TO_32_BIT_CONVERSION = YES;
				GCC_WARN_ABOUT_RETURN_TYPE = YES_ERROR;
				GCC_WARN_UNDECLARED_SELECTOR = YES;
				GCC_WARN_UNINITIALIZED_AUTOS = YES_AGGRESSIVE;
				GCC_WARN_UNUSED_FUNCTION = YES;
				GCC_WARN_UNUSED_VARIABLE = YES;
				IPHONEOS_DEPLOYMENT_TARGET = 12.1;
				MTL_ENABLE_DEBUG_INFO = INCLUDE_SOURCE;
				MTL_FAST_MATH = YES;
				ONLY_ACTIVE_ARCH = YES;
				SDKROOT = iphoneos;
				SWIFT_ACTIVE_COMPILATION_CONDITIONS = DEBUG;
				SWIFT_OPTIMIZATION_LEVEL = "-Onone";
			};
			name = Debug;
		};
		A0B7016B21B0937E00B089D6 /* Release */ = {
			isa = XCBuildConfiguration;
			buildSettings = {
				ALWAYS_SEARCH_USER_PATHS = NO;
				CLANG_ANALYZER_NONNULL = YES;
				CLANG_ANALYZER_NUMBER_OBJECT_CONVERSION = YES_AGGRESSIVE;
				CLANG_CXX_LANGUAGE_STANDARD = "gnu++14";
				CLANG_CXX_LIBRARY = "libc++";
				CLANG_ENABLE_MODULES = YES;
				CLANG_ENABLE_OBJC_ARC = YES;
				CLANG_ENABLE_OBJC_WEAK = YES;
				CLANG_WARN_BLOCK_CAPTURE_AUTORELEASING = YES;
				CLANG_WARN_BOOL_CONVERSION = YES;
				CLANG_WARN_COMMA = YES;
				CLANG_WARN_CONSTANT_CONVERSION = YES;
				CLANG_WARN_DEPRECATED_OBJC_IMPLEMENTATIONS = YES;
				CLANG_WARN_DIRECT_OBJC_ISA_USAGE = YES_ERROR;
				CLANG_WARN_DOCUMENTATION_COMMENTS = YES;
				CLANG_WARN_EMPTY_BODY = YES;
				CLANG_WARN_ENUM_CONVERSION = YES;
				CLANG_WARN_INFINITE_RECURSION = YES;
				CLANG_WARN_INT_CONVERSION = YES;
				CLANG_WARN_NON_LITERAL_NULL_CONVERSION = YES;
				CLANG_WARN_OBJC_IMPLICIT_RETAIN_SELF = YES;
				CLANG_WARN_OBJC_LITERAL_CONVERSION = YES;
				CLANG_WARN_OBJC_ROOT_CLASS = YES_ERROR;
				CLANG_WARN_RANGE_LOOP_ANALYSIS = YES;
				CLANG_WARN_STRICT_PROTOTYPES = YES;
				CLANG_WARN_SUSPICIOUS_MOVE = YES;
				CLANG_WARN_UNGUARDED_AVAILABILITY = YES_AGGRESSIVE;
				CLANG_WARN_UNREACHABLE_CODE = YES;
				CLANG_WARN__DUPLICATE_METHOD_MATCH = YES;
				CODE_SIGN_IDENTITY = "iPhone Developer";
				COPY_PHASE_STRIP = NO;
				DEBUG_INFORMATION_FORMAT = "dwarf-with-dsym";
				ENABLE_NS_ASSERTIONS = NO;
				ENABLE_STRICT_OBJC_MSGSEND = YES;
				GCC_C_LANGUAGE_STANDARD = gnu11;
				GCC_NO_COMMON_BLOCKS = YES;
				GCC_WARN_64_TO_32_BIT_CONVERSION = YES;
				GCC_WARN_ABOUT_RETURN_TYPE = YES_ERROR;
				GCC_WARN_UNDECLARED_SELECTOR = YES;
				GCC_WARN_UNINITIALIZED_AUTOS = YES_AGGRESSIVE;
				GCC_WARN_UNUSED_FUNCTION = YES;
				GCC_WARN_UNUSED_VARIABLE = YES;
				IPHONEOS_DEPLOYMENT_TARGET = 12.1;
				MTL_ENABLE_DEBUG_INFO = NO;
				MTL_FAST_MATH = YES;
				SDKROOT = iphoneos;
				SWIFT_COMPILATION_MODE = wholemodule;
				SWIFT_OPTIMIZATION_LEVEL = "-O";
				VALIDATE_PRODUCT = YES;
			};
			name = Release;
		};
		A0B7016D21B0937E00B089D6 /* Debug */ = {
			isa = XCBuildConfiguration;
			buildSettings = {
				ASSETCATALOG_COMPILER_APPICON_NAME = AppIcon;
				CODE_SIGN_STYLE = Automatic;
				INFOPLIST_FILE = $$$/Info.plist;
				LD_RUNPATH_SEARCH_PATHS = (
					"$(inherited)",
					"@executable_path/Frameworks",
				);
				PRODUCT_BUNDLE_IDENTIFIER = "DLo.---";
				PRODUCT_NAME = "$(TARGET_NAME)";
				SWIFT_VERSION = 4.2;
				TARGETED_DEVICE_FAMILY = "1,2";
			};
			name = Debug;
		};
		A0B7016E21B0937E00B089D6 /* Release */ = {
			isa = XCBuildConfiguration;
			buildSettings = {
				ASSETCATALOG_COMPILER_APPICON_NAME = AppIcon;
				CODE_SIGN_STYLE = Automatic;
				INFOPLIST_FILE = $$$/Info.plist;
				LD_RUNPATH_SEARCH_PATHS = (
					"$(inherited)",
					"@executable_path/Frameworks",
				);
				PRODUCT_BUNDLE_IDENTIFIER = "DLo.---";
				PRODUCT_NAME = "$(TARGET_NAME)";
				SWIFT_VERSION = 4.2;
				TARGETED_DEVICE_FAMILY = "1,2";
			};
			name = Release;
		};
		A0B7017021B0937E00B089D6 /* Debug */ = {
			isa = XCBuildConfiguration;
			buildSettings = {
				ALWAYS_EMBED_SWIFT_STANDARD_LIBRARIES = YES;
				BUNDLE_LOADER = "$(TEST_HOST)";
				CODE_SIGN_STYLE = Automatic;
				INFOPLIST_FILE = $$$Tests/Info.plist;
				LD_RUNPATH_SEARCH_PATHS = (
					"$(inherited)",
					"@executable_path/Frameworks",
					"@loader_path/Frameworks",
				);
				PRODUCT_BUNDLE_IDENTIFIER = "DLo.---Tests";
				PRODUCT_NAME = "$(TARGET_NAME)";
				SWIFT_VERSION = 4.2;
				TARGETED_DEVICE_FAMILY = "1,2";
				TEST_HOST = "$(BUILT_PRODUCTS_DIR)/$$$.app/$$$";
			};
			name = Debug;
		};
		A0B7017121B0937E00B089D6 /* Release */ = {
			isa = XCBuildConfiguration;
			buildSettings = {
				ALWAYS_EMBED_SWIFT_STANDARD_LIBRARIES = YES;
				BUNDLE_LOADER = "$(TEST_HOST)";
				CODE_SIGN_STYLE = Automatic;
				INFOPLIST_FILE = $$$Tests/Info.plist;
				LD_RUNPATH_SEARCH_PATHS = (
					"$(inherited)",
					"@executable_path/Frameworks",
					"@loader_path/Frameworks",
				);
				PRODUCT_BUNDLE_IDENTIFIER = "DLo.---Tests";
				PRODUCT_NAME = "$(TARGET_NAME)";
				SWIFT_VERSION = 4.2;
				TARGETED_DEVICE_FAMILY = "1,2";
				TEST_HOST = "$(BUILT_PRODUCTS_DIR)/$$$.app/$$$";
			};
			name = Release;
		};
		A0B7017321B0937E00B089D6 /* Debug */ = {
			isa = XCBuildConfiguration;
			buildSettings = {
				ALWAYS_EMBED_SWIFT_STANDARD_LIBRARIES = YES;
				CODE_SIGN_STYLE = Automatic;
				INFOPLIST_FILE = $$$UITests/Info.plist;
				LD_RUNPATH_SEARCH_PATHS = (
					"$(inherited)",
					"@executable_path/Frameworks",
					"@loader_path/Frameworks",
				);
				PRODUCT_BUNDLE_IDENTIFIER = "DLo.---UITests";
				PRODUCT_NAME = "$(TARGET_NAME)";
				SWIFT_VERSION = 4.2;
				TARGETED_DEVICE_FAMILY = "1,2";
				TEST_TARGET_NAME = $$$;
			};
			name = Debug;
		};
		A0B7017421B0937E00B089D6 /* Release */ = {
			isa = XCBuildConfiguration;
			buildSettings = {
				ALWAYS_EMBED_SWIFT_STANDARD_LIBRARIES = YES;
				CODE_SIGN_STYLE = Automatic;
				INFOPLIST_FILE = $$$UITests/Info.plist;
				LD_RUNPATH_SEARCH_PATHS = (
					"$(inherited)",
					"@executable_path/Frameworks",
					"@loader_path/Frameworks",
				);
				PRODUCT_BUNDLE_IDENTIFIER = "DLo.---UITests";
				PRODUCT_NAME = "$(TARGET_NAME)";
				SWIFT_VERSION = 4.2;
				TARGETED_DEVICE_FAMILY = "1,2";
				TEST_TARGET_NAME = $$$;
			};
			name = Release;
		};
/* End XCBuildConfiguration section */

/* Begin XCConfigurationList section */
		A0B7013F21B0937D00B089D6 /* Build configuration list for PBXProject "$$$" */ = {
			isa = XCConfigurationList;
			buildConfigurations = (
				A0B7016A21B0937E00B089D6 /* Debug */,
				A0B7016B21B0937E00B089D6 /* Release */,
			);
			defaultConfigurationIsVisible = 0;
			defaultConfigurationName = Release;
		};
		A0B7016C21B0937E00B089D6 /* Build configuration list for PBXNativeTarget "$$$" */ = {
			isa = XCConfigurationList;
			buildConfigurations = (
				A0B7016D21B0937E00B089D6 /* Debug */,
				A0B7016E21B0937E00B089D6 /* Release */,
			);
			defaultConfigurationIsVisible = 0;
			defaultConfigurationName = Release;
		};
		A0B7016F21B0937E00B089D6 /* Build configuration list for PBXNativeTarget "$$$Tests" */ = {
			isa = XCConfigurationList;
			buildConfigurations = (
				A0B7017021B0937E00B089D6 /* Debug */,
				A0B7017121B0937E00B089D6 /* Release */,
			);
			defaultConfigurationIsVisible = 0;
			defaultConfigurationName = Release;
		};
		A0B7017221B0937E00B089D6 /* Build configuration list for PBXNativeTarget "$$$UITests" */ = {
			isa = XCConfigurationList;
			buildConfigurations = (
				A0B7017321B0937E00B089D6 /* Debug */,
				A0B7017421B0937E00B089D6 /* Release */,
			);
			defaultConfigurationIsVisible = 0;
			defaultConfigurationName = Release;
		};
/* End XCConfigurationList section */
	};
	rootObject = A0B7013C21B0937D00B089D6 /* Project object */;
}
